{
  "version": 4,
  "targets": {
    "net8.0-windows": {
      "Clipper2/2.0.0": {
        "type": "package",
        "compile": {
          "lib/netstandard2.0/Clipper2Lib.dll": {}
        },
        "runtime": {
          "lib/netstandard2.0/Clipper2Lib.dll": {}
        }
      },
      "Nice3point.Revit.Api.RevitAPI/2025.4.60": {
        "type": "package",
        "compile": {
          "ref/net8.0-windows7.0/RevitAPI.dll": {
            "related": ".xml"
          }
        }
      },
      "Nice3point.Revit.Api.RevitAPIUI/2025.4.60": {
        "type": "package",
        "compile": {
          "ref/net8.0-windows7.0/RevitAPIUI.dll": {
            "related": ".xml"
          }
        }
      },
      "System.Text.Json/8.0.5": {
        "type": "package",
        "compile": {
          "lib/net8.0/System.Text.Json.dll": {
            "related": ".xml"
          }
        },
        "runtime": {
          "lib/net8.0/System.Text.Json.dll": {
            "related": ".xml"
          }
        },
        "build": {
          "buildTransitive/net6.0/System.Text.Json.targets": {}
        }
      }
    }
  },
  "libraries": {
    "Clipper2/2.0.0": {
      "sha512": "2X23RZxJrjRjOSZc20aqXY9jpmHLekDRy4PIMfrsi2LPNzxFYlnuqzX/nLdk77fbURHUeX+gMhUn2a1z9/wMTQ==",
      "type": "package",
      "path": "clipper2/2.0.0",
      "files": [
        ".nupkg.metadata",
        ".signature.p7s",
        "License.txt",
        "README.md",
        "clipper2.2.0.0.nupkg.sha512",
        "clipper2.nuspec",
        "icon.png",
        "lib/netstandard2.0/Clipper2Lib.dll"
      ]
    },
    "Nice3point.Revit.Api.RevitAPI/2025.4.60": {
      "sha512": "B6P9/NjkgTcVwCSB/h8maLGdu+Ug9TEtGr4EuvSzxujDXMrmUQZLTlJTBkbNI/+YHbK62uEDePTY285sL2TVoQ==",
      "type": "package",
      "path": "nice3point.revit.api.revitapi/2025.4.60",
      "files": [
        ".nupkg.metadata",
        ".signature.p7s",
        "LICENSE.md",
        "README.md",
        "images/PackageIcon.png",
        "nice3point.revit.api.revitapi.2025.4.60.nupkg.sha512",
        "nice3point.revit.api.revitapi.nuspec",
        "ref/net8.0-windows7.0/RevitAPI.dll",
        "ref/net8.0-windows7.0/RevitAPI.xml"
      ]
    },
    "Nice3point.Revit.Api.RevitAPIUI/2025.4.60": {
      "sha512": "3tFHJdgpJSGJjRoA7vXnz+XsjJzENepW7FbFZApXhAtITelzODosaTEXEGn/8oJ7mUIEIZmLnN+YYiZt89NCMw==",
      "type": "package",
      "path": "nice3point.revit.api.revitapiui/2025.4.60",
      "files": [
        ".nupkg.metadata",
        ".signature.p7s",
        "LICENSE.md",
        "README.md",
        "images/PackageIcon.png",
        "nice3point.revit.api.revitapiui.2025.4.60.nupkg.sha512",
        "nice3point.revit.api.revitapiui.nuspec",
        "ref/net8.0-windows7.0/RevitAPIUI.dll",
        "ref/net8.0-windows7.0/RevitAPIUI.xml"
      ]
    },
    "System.Text.Json/8.0.5": {
      "sha512": "0f1B50Ss7rqxXiaBJyzUu9bWFOO2/zSlifZ/UNMdiIpDYe4cY4LQQicP4nirK1OS31I43rn062UIJ1Q9bpmHpg==",
      "type": "package",
      "path": "system.text.json/8.0.5",
      "files": [
        ".nupkg.metadata",
        ".signature.p7s",
        "Icon.png",
        "LICENSE.TXT",
        "PACKAGE.md",
        "THIRD-PARTY-NOTICES.TXT",
        "analyzers/dotnet/roslyn3.11/cs/System.Text.Json.SourceGeneration.dll",
        "analyzers/dotnet/roslyn3.11/cs/cs/System.Text.Json.SourceGeneration.resources.dll",
        "analyzers/dotnet/roslyn3.11/cs/de/System.Text.Json.SourceGeneration.resources.dll",
        "analyzers/dotnet/roslyn3.11/cs/es/System.Text.Json.SourceGeneration.resources.dll",
        "analyzers/dotnet/roslyn3.11/cs/fr/System.Text.Json.SourceGeneration.resources.dll",
        "analyzers/dotnet/roslyn3.11/cs/it/System.Text.Json.SourceGeneration.resources.dll",
        "analyzers/dotnet/roslyn3.11/cs/ja/System.Text.Json.SourceGeneration.resources.dll",
        "analyzers/dotnet/roslyn3.11/cs/ko/System.Text.Json.SourceGeneration.resources.dll",
        "analyzers/dotnet/roslyn3.11/cs/pl/System.Text.Json.SourceGeneration.resources.dll",
        "analyzers/dotnet/roslyn3.11/cs/pt-BR/System.Text.Json.SourceGeneration.resources.dll",
        "analyzers/dotnet/roslyn3.11/cs/ru/System.Text.Json.SourceGeneration.resources.dll",
        "analyzers/dotnet/roslyn3.11/cs/tr/System.Text.Json.SourceGeneration.resources.dll",
        "analyzers/dotnet/roslyn3.11/cs/zh-Hans/System.Text.Json.SourceGeneration.resources.dll",
        "analyzers/dotnet/roslyn3.11/cs/zh-Hant/System.Text.Json.SourceGeneration.resources.dll",
        "analyzers/dotnet/roslyn4.0/cs/System.Text.Json.SourceGeneration.dll",
        "analyzers/dotnet/roslyn4.0/cs/cs/System.Text.Json.SourceGeneration.resources.dll",
        "analyzers/dotnet/roslyn4.0/cs/de/System.Text.Json.SourceGeneration.resources.dll",
        "analyzers/dotnet/roslyn4.0/cs/es/System.Text.Json.SourceGeneration.resources.dll",
        "analyzers/dotnet/roslyn4.0/cs/fr/System.Text.Json.SourceGeneration.resources.dll",
        "analyzers/dotnet/roslyn4.0/cs/it/System.Text.Json.SourceGeneration.resources.dll",
        "analyzers/dotnet/roslyn4.0/cs/ja/System.Text.Json.SourceGeneration.resources.dll",
        "analyzers/dotnet/roslyn4.0/cs/ko/System.Text.Json.SourceGeneration.resources.dll",
        "analyzers/dotnet/roslyn4.0/cs/pl/System.Text.Json.SourceGeneration.resources.dll",
        "analyzers/dotnet/roslyn4.0/cs/pt-BR/System.Text.Json.SourceGeneration.resources.dll",
        "analyzers/dotnet/roslyn4.0/cs/ru/System.Text.Json.SourceGeneration.resources.dll",
        "analyzers/dotnet/roslyn4.0/cs/tr/System.Text.Json.SourceGeneration.resources.dll",
        "analyzers/dotnet/roslyn4.0/cs/zh-Hans/System.Text.Json.SourceGeneration.resources.dll",
        "analyzers/dotnet/roslyn4.0/cs/zh-Hant/System.Text.Json.SourceGeneration.resources.dll",
        "analyzers/dotnet/roslyn4.4/cs/System.Text.Json.SourceGeneration.dll",
        "analyzers/dotnet/roslyn4.4/cs/cs/System.Text.Json.SourceGeneration.resources.dll",
        "analyzers/dotnet/roslyn4.4/cs/de/System.Text.Json.SourceGeneration.resources.dll",
        "analyzers/dotnet/roslyn4.4/cs/es/System.Text.Json.SourceGeneration.resources.dll",
        "analyzers/dotnet/roslyn4.4/cs/fr/System.Text.Json.SourceGeneration.resources.dll",
        "analyzers/dotnet/roslyn4.4/cs/it/System.Text.Json.SourceGeneration.resources.dll",
        "analyzers/dotnet/roslyn4.4/cs/ja/System.Text.Json.SourceGeneration.resources.dll",
        "analyzers/dotnet/roslyn4.4/cs/ko/System.Text.Json.SourceGeneration.resources.dll",
        "analyzers/dotnet/roslyn4.4/cs/pl/System.Text.Json.SourceGeneration.resources.dll",
        "analyzers/dotnet/roslyn4.4/cs/pt-BR/System.Text.Json.SourceGeneration.resources.dll",
        "analyzers/dotnet/roslyn4.4/cs/ru/System.Text.Json.SourceGeneration.resources.dll",
        "analyzers/dotnet/roslyn4.4/cs/tr/System.Text.Json.SourceGeneration.resources.dll",
        "analyzers/dotnet/roslyn4.4/cs/zh-Hans/System.Text.Json.SourceGeneration.resources.dll",
        "analyzers/dotnet/roslyn4.4/cs/zh-Hant/System.Text.Json.SourceGeneration.resources.dll",
        "buildTransitive/net461/System.Text.Json.targets",
        "buildTransitive/net462/System.Text.Json.targets",
        "buildTransitive/net6.0/System.Text.Json.targets",
        "buildTransitive/netcoreapp2.0/System.Text.Json.targets",
        "buildTransitive/netstandard2.0/System.Text.Json.targets",
        "lib/net462/System.Text.Json.dll",
        "lib/net462/System.Text.Json.xml",
        "lib/net6.0/System.Text.Json.dll",
        "lib/net6.0/System.Text.Json.xml",
        "lib/net7.0/System.Text.Json.dll",
        "lib/net7.0/System.Text.Json.xml",
        "lib/net8.0/System.Text.Json.dll",
        "lib/net8.0/System.Text.Json.xml",
        "lib/netstandard2.0/System.Text.Json.dll",
        "lib/netstandard2.0/System.Text.Json.xml",
        "system.text.json.8.0.5.nupkg.sha512",
        "system.text.json.nuspec",
        "useSharedDesignerContext.txt"
      ]
    }
  },
  "projectFileDependencyGroups": {
    "net8.0-windows": [
      "Clipper2 >= 2.0.0",
      "Nice3point.Revit.Api.RevitAPI >= 2025.*-*",
      "Nice3point.Revit.Api.RevitAPIUI >= 2025.*-*",
      "System.Text.Json >= 8.0.5"
    ]
  },
  "packageFolders": {
    "C:\\Users\\User\\.nuget\\packages\\": {},
    "C:\\Program Files (x86)\\Microsoft Visual Studio\\Shared\\NuGetPackages": {}
  },
  "project": {
    "version": "1.0.0",
    "restore": {
      "projectUniqueName": "C:\\Users\\User\\Desktop\\Sunny\\자동화 작업\\wall addin\\WallSplitter\\WallSplitter\\WallSplitter.csproj",
      "projectName": "WallSplitter",
      "projectPath": "C:\\Users\\User\\Desktop\\Sunny\\자동화 작업\\wall addin\\WallSplitter\\WallSplitter\\WallSplitter.csproj",
      "packagesPath": "C:\\Users\\User\\.nuget\\packages\\",
      "outputPath": "C:\\Users\\User\\Desktop\\Sunny\\자동화 작업\\wall addin\\WallSplitter\\.codex-build\\release-v55\\obj2025b\\",
      "projectStyle": "PackageReference",
      "fallbackFolders": [
        "C:\\Program Files (x86)\\Microsoft Visual Studio\\Shared\\NuGetPackages"
      ],
      "configFilePaths": [
        "C:\\Users\\User\\AppData\\Roaming\\NuGet\\NuGet.Config",
        "C:\\Program Files (x86)\\NuGet\\Config\\Microsoft.VisualStudio.FallbackLocation.config",
        "C:\\Program Files (x86)\\NuGet\\Config\\Microsoft.VisualStudio.Offline.config"
      ],
      "originalTargetFrameworks": [
        "net8.0-windows"
      ],
      "sources": {
        "C:\\Program Files (x86)\\Microsoft SDKs\\NuGetPackages\\": {},
        "https://api.nuget.org/v3/index.json": {}
      },
      "frameworks": {
        "net8.0-windows": {
          "framework": "net8.0-windows7.0",
          "targetAlias": "net8.0-windows",
          "projectReferences": {}
        }
      },
      "warningProperties": {
        "warnAsError": [
          "NU1605"
        ]
      },
      "restoreAuditProperties": {
        "enableAudit": "false",
        "auditLevel": "low",
        "auditMode": "direct"
      },
      "SdkAnalysisLevel": "10.0.400"
    },
    "frameworks": {
      "net8.0-windows": {
        "framework": "net8.0-windows7.0",
        "targetAlias": "net8.0-windows",
        "dependencies": {
          "Clipper2": {
            "target": "Package",
            "version": "[2.0.0, )"
          },
          "Nice3point.Revit.Api.RevitAPI": {
            "target": "Package",
            "version": "[2025.*-*, )"
          },
          "Nice3point.Revit.Api.RevitAPIUI": {
            "target": "Package",
            "version": "[2025.*-*, )"
          },
          "System.Text.Json": {
            "target": "Package",
            "version": "[8.0.5, )"
          }
        },
        "imports": [
          "net461",
          "net462",
          "net47",
          "net471",
          "net472",
          "net48",
          "net481"
        ],
        "assetTargetFallback": true,
        "warn": true,
        "downloadDependencies": [
          {
            "name": "Microsoft.AspNetCore.App.Ref",
            "version": "[8.0.30, 8.0.30]"
          },
          {
            "name": "Microsoft.NETCore.App.Ref",
            "version": "[8.0.30, 8.0.30]"
          },
          {
            "name": "Microsoft.WindowsDesktop.App.Ref",
            "version": "[8.0.30, 8.0.30]"
          }
        ],
        "frameworkReferences": {
          "Microsoft.NETCore.App": {
            "privateAssets": "all"
          },
          "Microsoft.WindowsDesktop.App.WPF": {
            "privateAssets": "none"
          }
        },
        "runtimeIdentifierGraphPath": "C:\\Program Files\\dotnet\\sdk\\10.0.400/PortableRuntimeIdentifierGraph.json"
      }
    }
  }
}