{
  "version": 4,
  "targets": {
    "net8.0-windows": {}
  },
  "libraries": {},
  "projectFileDependencyGroups": {
    "net8.0-windows": [
      "Clipper2 >= 2.0.0",
      "Nice3point.Revit.Api.RevitAPI >= 2025.*-*",
      "Nice3point.Revit.Api.RevitAPIUI >= 2025.*-*",
      "System.Text.Json >= 8.0.5"
    ]
  },
  "packageFolders": {
    "C:\\Users\\User\\.nuget\\packages\\": {},
    "C:\\Program Files (x86)\\Microsoft Visual Studio\\Shared\\NuGetPackages": {}
  },
  "project": {
    "version": "1.0.0",
    "restore": {
      "projectUniqueName": "C:\\Users\\User\\Desktop\\Sunny\\자동화 작업\\wall addin\\WallSplitter\\WallSplitter\\WallSplitter.csproj",
      "projectName": "WallSplitter",
      "projectPath": "C:\\Users\\User\\Desktop\\Sunny\\자동화 작업\\wall addin\\WallSplitter\\WallSplitter\\WallSplitter.csproj",
      "packagesPath": "C:\\Users\\User\\.nuget\\packages\\",
      "outputPath": "C:\\Users\\User\\Desktop\\Sunny\\자동화 작업\\wall addin\\WallSplitter\\.codex-build\\release-v54\\obj2025\\",
      "projectStyle": "PackageReference",
      "fallbackFolders": [
        "C:\\Program Files (x86)\\Microsoft Visual Studio\\Shared\\NuGetPackages"
      ],
      "configFilePaths": [
        "C:\\Users\\User\\AppData\\Roaming\\NuGet\\NuGet.Config",
        "C:\\Program Files (x86)\\NuGet\\Config\\Microsoft.VisualStudio.FallbackLocation.config",
        "C:\\Program Files (x86)\\NuGet\\Config\\Microsoft.VisualStudio.Offline.config"
      ],
      "originalTargetFrameworks": [
        "net8.0-windows"
      ],
      "sources": {
        "C:\\Program Files (x86)\\Microsoft SDKs\\NuGetPackages\\": {},
        "https://api.nuget.org/v3/index.json": {}
      },
      "frameworks": {
        "net8.0-windows": {
          "framework": "net8.0-windows7.0",
          "targetAlias": "net8.0-windows",
          "projectReferences": {}
        }
      },
      "warningProperties": {
        "warnAsError": [
          "NU1605"
        ]
      },
      "restoreAuditProperties": {
        "enableAudit": "true",
        "auditLevel": "low",
        "auditMode": "direct"
      },
      "SdkAnalysisLevel": "10.0.400"
    },
    "frameworks": {
      "net8.0-windows": {
        "framework": "net8.0-windows7.0",
        "targetAlias": "net8.0-windows",
        "dependencies": {
          "Clipper2": {
            "target": "Package",
            "version": "[2.0.0, )"
          },
          "Nice3point.Revit.Api.RevitAPI": {
            "target": "Package",
            "version": "[2025.*-*, )"
          },
          "Nice3point.Revit.Api.RevitAPIUI": {
            "target": "Package",
            "version": "[2025.*-*, )"
          },
          "System.Text.Json": {
            "target": "Package",
            "version": "[8.0.5, )"
          }
        },
        "imports": [
          "net461",
          "net462",
          "net47",
          "net471",
          "net472",
          "net48",
          "net481"
        ],
        "assetTargetFallback": true,
        "warn": true,
        "downloadDependencies": [
          {
            "name": "Microsoft.AspNetCore.App.Ref",
            "version": "[8.0.30, 8.0.30]"
          },
          {
            "name": "Microsoft.NETCore.App.Ref",
            "version": "[8.0.30, 8.0.30]"
          },
          {
            "name": "Microsoft.WindowsDesktop.App.Ref",
            "version": "[8.0.30, 8.0.30]"
          }
        ],
        "frameworkReferences": {
          "Microsoft.NETCore.App": {
            "privateAssets": "all"
          },
          "Microsoft.WindowsDesktop.App.WPF": {
            "privateAssets": "none"
          }
        },
        "runtimeIdentifierGraphPath": "C:\\Program Files\\dotnet\\sdk\\10.0.400/PortableRuntimeIdentifierGraph.json"
      }
    }
  },
  "logs": [
    {
      "code": "NU1301",
      "level": "Error",
      "message": "https://api.nuget.org/v3/index.json 원본에 대한 서비스 인덱스를 로드할 수 없습니다.\r\n  액세스 권한에 의해 숨겨진 소켓에 액세스를 시도했습니다. (api.nuget.org:443)\r\n  액세스 권한에 의해 숨겨진 소켓에 액세스를 시도했습니다."
    },
    {
      "code": "NU1301",
      "level": "Error",
      "message": "https://api.nuget.org/v3/index.json 원본에 대한 서비스 인덱스를 로드할 수 없습니다.\r\n  액세스 권한에 의해 숨겨진 소켓에 액세스를 시도했습니다. (api.nuget.org:443)\r\n  액세스 권한에 의해 숨겨진 소켓에 액세스를 시도했습니다."
    },
    {
      "code": "NU1900",
      "level": "Warning",
      "warningLevel": 1,
      "message": "패키지 취약성 데이터를 가져오는 동안 오류가 발생했습니다. https://api.nuget.org/v3/index.json 원본에 대한 서비스 인덱스를 로드할 수 없습니다."
    }
  ]
}